
Microsoft Visual Studio Solution File, Format Version 12.00
# Visual Studio Version 16
VisualStudioVersion = 16.0.29521.150
MinimumVisualStudioVersion = 10.0.40219.1
Project("{FAE04EC0-301F-11D3-BF4B-00C04F79EFBC}") = "InversionOfControl", "InversionOfControl.csproj", "{5888D0BC-CDDA-4AC7-B4C5-E206E0371507}"
EndProject
Project("{FAE04EC0-301F-11D3-BF4B-00C04F79EFBC}") = "App Domain", "..\App Domain\App Domain.csproj", "{8EE94BE6-DFEE-44AB-9D72-5043C39773A3}"
EndProject
Project("{FAE04EC0-301F-11D3-BF4B-00C04F79EFBC}") = "App Infra Data", "..\App Infra Data\App Infra Data.csproj", "{8E2BBC0D-8A39-4021-851E-BCAE29533063}"
EndProject
Global
	GlobalSection(SolutionConfigurationPlatforms) = preSolution
		Debug|Any CPU = Debug|Any CPU
		Release|Any CPU = Release|Any CPU
	EndGlobalSection
	GlobalSection(ProjectConfigurationPlatforms) = postSolution
		{5888D0BC-CDDA-4AC7-B4C5-E206E0371507}.Debug|Any CPU.ActiveCfg = Debug|Any CPU
		{5888D0BC-CDDA-4AC7-B4C5-E206E0371507}.Debug|Any CPU.Build.0 = Debug|Any CPU
		{5888D0BC-CDDA-4AC7-B4C5-E206E0371507}.Release|Any CPU.ActiveCfg = Release|Any CPU
		{5888D0BC-CDDA-4AC7-B4C5-E206E0371507}.Release|Any CPU.Build.0 = Release|Any CPU
		{8EE94BE6-DFEE-44AB-9D72-5043C39773A3}.Debug|Any CPU.ActiveCfg = Debug|Any CPU
		{8EE94BE6-DFEE-44AB-9D72-5043C39773A3}.Debug|Any CPU.Build.0 = Debug|Any CPU
		{8EE94BE6-DFEE-44AB-9D72-5043C39773A3}.Release|Any CPU.ActiveCfg = Release|Any CPU
		{8EE94BE6-DFEE-44AB-9D72-5043C39773A3}.Release|Any CPU.Build.0 = Release|Any CPU
		{8E2BBC0D-8A39-4021-851E-BCAE29533063}.Debug|Any CPU.ActiveCfg = Debug|Any CPU
		{8E2BBC0D-8A39-4021-851E-BCAE29533063}.Debug|Any CPU.Build.0 = Debug|Any CPU
		{8E2BBC0D-8A39-4021-851E-BCAE29533063}.Release|Any CPU.ActiveCfg = Release|Any CPU
		{8E2BBC0D-8A39-4021-851E-BCAE29533063}.Release|Any CPU.Build.0 = Release|Any CPU
	EndGlobalSection
	GlobalSection(SolutionProperties) = preSolution
		HideSolutionNode = FALSE
	EndGlobalSection
	GlobalSection(ExtensibilityGlobals) = postSolution
		SolutionGuid = {EC84F943-F97F-4378-BE5D-2D8806F8F7CA}
	EndGlobalSection
EndGlobal
